
Microsoft Visual Studio Solution File, Format Version 12.00
# Visual Studio Version 16
VisualStudioVersion = 16.0.30804.86
MinimumVisualStudioVersion = 10.0.40219.1
Project("{9A19103F-16F7-4668-BE54-9A1E7A4F7556}") = "MailSender", "MailSender\MailSender.csproj", "{5BC1793E-D278-45BE-B04B-A36D741E2824}"
EndProject
Project("{2150E333-8FDC-42A3-9474-1A3956D46DE8}") = "Tests", "Tests", "{F23151F4-557A-456D-8416-F5D24169E997}"
EndProject
Project("{9A19103F-16F7-4668-BE54-9A1E7A4F7556}") = "WpfTest", "WpfTest\WpfTest.csproj", "{01219190-7277-46EF-9561-BB2A9D019734}"
EndProject
Project("{9A19103F-16F7-4668-BE54-9A1E7A4F7556}") = "ConsoleTest", "ConsoleTest\ConsoleTest.csproj", "{1E8C9AC1-BCBD-464A-8128-D517E974637C}"
EndProject
Project("{9A19103F-16F7-4668-BE54-9A1E7A4F7556}") = "MailSender.lib", "MailSender.lib\MailSender.lib.csproj", "{31857AAB-9444-485E-AF7A-68BCC4E98F3C}"
EndProject
Project("{9A19103F-16F7-4668-BE54-9A1E7A4F7556}") = "MailSender.Tests", "Tests\MailSender.Tests\MailSender.Tests.csproj", "{BD351C75-D3A5-4377-BC95-C7C583BF663A}"
EndProject
Project("{9A19103F-16F7-4668-BE54-9A1E7A4F7556}") = "MailSender.lib.Tests", "Tests\MailSender.lib.Tests\MailSender.lib.Tests.csproj", "{C6774B7E-3509-4685-8546-BD1C1F70E150}"
EndProject
Project("{9A19103F-16F7-4668-BE54-9A1E7A4F7556}") = "DataRead", "DataRead\DataRead.csproj", "{F6606289-8466-482B-9B66-C2351050BD8C}"
EndProject
Project("{9A19103F-16F7-4668-BE54-9A1E7A4F7556}") = "MatrixMultiplication", "MatrixMultiplication\MatrixMultiplication.csproj", "{71F60BCD-5DFE-4920-A089-17C41ECB908B}"
EndProject
Project("{FAE04EC0-301F-11D3-BF4B-00C04F79EFBC}") = "FileReader", "FileReader\FileReader.csproj", "{09EF3784-40F2-45CD-81C5-A6649BFA9E13}"
EndProject
Global
	GlobalSection(SolutionConfigurationPlatforms) = preSolution
		Debug|Any CPU = Debug|Any CPU
		Release|Any CPU = Release|Any CPU
	EndGlobalSection
	GlobalSection(ProjectConfigurationPlatforms) = postSolution
		{5BC1793E-D278-45BE-B04B-A36D741E2824}.Debug|Any CPU.ActiveCfg = Debug|Any CPU
		{5BC1793E-D278-45BE-B04B-A36D741E2824}.Debug|Any CPU.Build.0 = Debug|Any CPU
		{5BC1793E-D278-45BE-B04B-A36D741E2824}.Release|Any CPU.ActiveCfg = Release|Any CPU
		{5BC1793E-D278-45BE-B04B-A36D741E2824}.Release|Any CPU.Build.0 = Release|Any CPU
		{01219190-7277-46EF-9561-BB2A9D019734}.Debug|Any CPU.ActiveCfg = Debug|Any CPU
		{01219190-7277-46EF-9561-BB2A9D019734}.Debug|Any CPU.Build.0 = Debug|Any CPU
		{01219190-7277-46EF-9561-BB2A9D019734}.Release|Any CPU.ActiveCfg = Release|Any CPU
		{01219190-7277-46EF-9561-BB2A9D019734}.Release|Any CPU.Build.0 = Release|Any CPU
		{1E8C9AC1-BCBD-464A-8128-D517E974637C}.Debug|Any CPU.ActiveCfg = Debug|Any CPU
		{1E8C9AC1-BCBD-464A-8128-D517E974637C}.Debug|Any CPU.Build.0 = Debug|Any CPU
		{1E8C9AC1-BCBD-464A-8128-D517E974637C}.Release|Any CPU.ActiveCfg = Release|Any CPU
		{1E8C9AC1-BCBD-464A-8128-D517E974637C}.Release|Any CPU.Build.0 = Release|Any CPU
		{31857AAB-9444-485E-AF7A-68BCC4E98F3C}.Debug|Any CPU.ActiveCfg = Debug|Any CPU
		{31857AAB-9444-485E-AF7A-68BCC4E98F3C}.Debug|Any CPU.Build.0 = Debug|Any CPU
		{31857AAB-9444-485E-AF7A-68BCC4E98F3C}.Release|Any CPU.ActiveCfg = Release|Any CPU
		{31857AAB-9444-485E-AF7A-68BCC4E98F3C}.Release|Any CPU.Build.0 = Release|Any CPU
		{BD351C75-D3A5-4377-BC95-C7C583BF663A}.Debug|Any CPU.ActiveCfg = Debug|Any CPU
		{BD351C75-D3A5-4377-BC95-C7C583BF663A}.Debug|Any CPU.Build.0 = Debug|Any CPU
		{BD351C75-D3A5-4377-BC95-C7C583BF663A}.Release|Any CPU.ActiveCfg = Release|Any CPU
		{BD351C75-D3A5-4377-BC95-C7C583BF663A}.Release|Any CPU.Build.0 = Release|Any CPU
		{C6774B7E-3509-4685-8546-BD1C1F70E150}.Debug|Any CPU.ActiveCfg = Debug|Any CPU
		{C6774B7E-3509-4685-8546-BD1C1F70E150}.Debug|Any CPU.Build.0 = Debug|Any CPU
		{C6774B7E-3509-4685-8546-BD1C1F70E150}.Release|Any CPU.ActiveCfg = Release|Any CPU
		{C6774B7E-3509-4685-8546-BD1C1F70E150}.Release|Any CPU.Build.0 = Release|Any CPU
		{F6606289-8466-482B-9B66-C2351050BD8C}.Debug|Any CPU.ActiveCfg = Debug|Any CPU
		{F6606289-8466-482B-9B66-C2351050BD8C}.Debug|Any CPU.Build.0 = Debug|Any CPU
		{F6606289-8466-482B-9B66-C2351050BD8C}.Release|Any CPU.ActiveCfg = Release|Any CPU
		{F6606289-8466-482B-9B66-C2351050BD8C}.Release|Any CPU.Build.0 = Release|Any CPU
		{71F60BCD-5DFE-4920-A089-17C41ECB908B}.Debug|Any CPU.ActiveCfg = Debug|Any CPU
		{71F60BCD-5DFE-4920-A089-17C41ECB908B}.Debug|Any CPU.Build.0 = Debug|Any CPU
		{71F60BCD-5DFE-4920-A089-17C41ECB908B}.Release|Any CPU.ActiveCfg = Release|Any CPU
		{71F60BCD-5DFE-4920-A089-17C41ECB908B}.Release|Any CPU.Build.0 = Release|Any CPU
		{09EF3784-40F2-45CD-81C5-A6649BFA9E13}.Debug|Any CPU.ActiveCfg = Debug|Any CPU
		{09EF3784-40F2-45CD-81C5-A6649BFA9E13}.Debug|Any CPU.Build.0 = Debug|Any CPU
		{09EF3784-40F2-45CD-81C5-A6649BFA9E13}.Release|Any CPU.ActiveCfg = Release|Any CPU
		{09EF3784-40F2-45CD-81C5-A6649BFA9E13}.Release|Any CPU.Build.0 = Release|Any CPU
	EndGlobalSection
	GlobalSection(SolutionProperties) = preSolution
		HideSolutionNode = FALSE
	EndGlobalSection
	GlobalSection(NestedProjects) = preSolution
		{01219190-7277-46EF-9561-BB2A9D019734} = {F23151F4-557A-456D-8416-F5D24169E997}
		{1E8C9AC1-BCBD-464A-8128-D517E974637C} = {F23151F4-557A-456D-8416-F5D24169E997}
		{BD351C75-D3A5-4377-BC95-C7C583BF663A} = {F23151F4-557A-456D-8416-F5D24169E997}
		{C6774B7E-3509-4685-8546-BD1C1F70E150} = {F23151F4-557A-456D-8416-F5D24169E997}
		{F6606289-8466-482B-9B66-C2351050BD8C} = {F23151F4-557A-456D-8416-F5D24169E997}
		{71F60BCD-5DFE-4920-A089-17C41ECB908B} = {F23151F4-557A-456D-8416-F5D24169E997}
		{09EF3784-40F2-45CD-81C5-A6649BFA9E13} = {F23151F4-557A-456D-8416-F5D24169E997}
	EndGlobalSection
	GlobalSection(ExtensibilityGlobals) = postSolution
		SolutionGuid = {43C6AEB0-505C-4911-943E-A953F4E63F6D}
	EndGlobalSection
EndGlobal
